// !$*UTF8*$!
{
	archiveVersion = 1;
	classes = {
	};
	objectVersion = 50;
	objects = {

/* Begin PBXBuildFile section */
		1725596C7863AF470B19D3FC /* Pods_PastimeTests.framework in Frameworks */ = {isa = PBXBuildFile; fileRef = 4B3B6190349B548FC15A3BCF /* Pods_PastimeTests.framework */; };
		3211116621AD70E5008F57B0 /* Service.swift in Sources */ = {isa = PBXBuildFile; fileRef = 3211116521AD70E5008F57B0 /* Service.swift */; };
		3211116921AD738E008F57B0 /* String+Extension.swift in Sources */ = {isa = PBXBuildFile; fileRef = 3211116821AD738E008F57B0 /* String+Extension.swift */; };
		32CCAE9B21ABAE5D0061A367 /* KeychainManager.swift in Sources */ = {isa = PBXBuildFile; fileRef = 32CCAE9A21ABAE5D0061A367 /* KeychainManager.swift */; };
		32D90EF421A3DACA00094CBA /* AppDelegate.swift in Sources */ = {isa = PBXBuildFile; fileRef = 32D90EF321A3DACA00094CBA /* AppDelegate.swift */; };
		32D90EFB21A3DACC00094CBA /* Assets.xcassets in Resources */ = {isa = PBXBuildFile; fileRef = 32D90EFA21A3DACC00094CBA /* Assets.xcassets */; };
		32D90EFE21A3DACC00094CBA /* LaunchScreen.storyboard in Resources */ = {isa = PBXBuildFile; fileRef = 32D90EFC21A3DACC00094CBA /* LaunchScreen.storyboard */; };
		32D90F0921A3DACC00094CBA /* PastimeTests.swift in Sources */ = {isa = PBXBuildFile; fileRef = 32D90F0821A3DACC00094CBA /* PastimeTests.swift */; };
		32D90F1421A3DACC00094CBA /* PastimeUITests.swift in Sources */ = {isa = PBXBuildFile; fileRef = 32D90F1321A3DACC00094CBA /* PastimeUITests.swift */; };
		32D90F3621A3E68600094CBA /* BaseTabBarController.swift in Sources */ = {isa = PBXBuildFile; fileRef = 32D90F3321A3E68600094CBA /* BaseTabBarController.swift */; };
		32D90F3721A3E68600094CBA /* BaseViewController.swift in Sources */ = {isa = PBXBuildFile; fileRef = 32D90F3421A3E68600094CBA /* BaseViewController.swift */; };
		32D90F3821A3E68600094CBA /* BaseNavigationController.swift in Sources */ = {isa = PBXBuildFile; fileRef = 32D90F3521A3E68600094CBA /* BaseNavigationController.swift */; };
		32D90F4621A3E69800094CBA /* Main.storyboard in Resources */ = {isa = PBXBuildFile; fileRef = 32D90F3A21A3E69700094CBA /* Main.storyboard */; };
		32D90F4721A3E69800094CBA /* User.storyboard in Resources */ = {isa = PBXBuildFile; fileRef = 32D90F3D21A3E69700094CBA /* User.storyboard */; };
		32D90F4821A3E69800094CBA /* UserMainController.swift in Sources */ = {isa = PBXBuildFile; fileRef = 32D90F4021A3E69700094CBA /* UserMainController.swift */; };
		32D90F4921A3E69800094CBA /* Home.storyboard in Resources */ = {isa = PBXBuildFile; fileRef = 32D90F4221A3E69800094CBA /* Home.storyboard */; };
		32D90F4A21A3E69800094CBA /* HomeMainController.swift in Sources */ = {isa = PBXBuildFile; fileRef = 32D90F4521A3E69800094CBA /* HomeMainController.swift */; };
		32D90F4E21A3EC0900094CBA /* Login.storyboard in Resources */ = {isa = PBXBuildFile; fileRef = 32D90F4D21A3EC0900094CBA /* Login.storyboard */; };
		32D90F5021A3EC5700094CBA /* LoginController.swift in Sources */ = {isa = PBXBuildFile; fileRef = 32D90F4F21A3EC5700094CBA /* LoginController.swift */; };
		32D90F5221A3ED9D00094CBA /* LoginNavigationController.swift in Sources */ = {isa = PBXBuildFile; fileRef = 32D90F5121A3ED9D00094CBA /* LoginNavigationController.swift */; };
		32D90F5621A3EFE700094CBA /* LoginManager.swift in Sources */ = {isa = PBXBuildFile; fileRef = 32D90F5521A3EFE700094CBA /* LoginManager.swift */; };
		5C34DC1BEE4FA896F40D58EA /* Pods_PastimeUITests.framework in Frameworks */ = {isa = PBXBuildFile; fileRef = ED47594ECE7F3A942F5A0728 /* Pods_PastimeUITests.framework */; };
		88164CA9693FCE5B0C0E94DC /* Pods_Pastime.framework in Frameworks */ = {isa = PBXBuildFile; fileRef = 255ECDA25CD37AE2F8544111 /* Pods_Pastime.framework */; };
/* End PBXBuildFile section */

/* Begin PBXContainerItemProxy section */
		32D90F0521A3DACC00094CBA /* PBXContainerItemProxy */ = {
			isa = PBXContainerItemProxy;
			containerPortal = 32D90EE821A3DACA00094CBA /* Project object */;
			proxyType = 1;
			remoteGlobalIDString = 32D90EEF21A3DACA00094CBA;
			remoteInfo = Pastime;
		};
		32D90F1021A3DACC00094CBA /* PBXContainerItemProxy */ = {
			isa = PBXContainerItemProxy;
			containerPortal = 32D90EE821A3DACA00094CBA /* Project object */;
			proxyType = 1;
			remoteGlobalIDString = 32D90EEF21A3DACA00094CBA;
			remoteInfo = Pastime;
		};
/* End PBXContainerItemProxy section */

/* Begin PBXFileReference section */
		255ECDA25CD37AE2F8544111 /* Pods_Pastime.framework */ = {isa = PBXFileReference; explicitFileType = wrapper.framework; includeInIndex = 0; path = Pods_Pastime.framework; sourceTree = BUILT_PRODUCTS_DIR; };
		3211116521AD70E5008F57B0 /* Service.swift */ = {isa = PBXFileReference; lastKnownFileType = sourcecode.swift; path = Service.swift; sourceTree = "<group>"; };
		3211116821AD738E008F57B0 /* String+Extension.swift */ = {isa = PBXFileReference; lastKnownFileType = sourcecode.swift; path = "String+Extension.swift"; sourceTree = "<group>"; };
		32CCAE9A21ABAE5D0061A367 /* KeychainManager.swift */ = {isa = PBXFileReference; lastKnownFileType = sourcecode.swift; path = KeychainManager.swift; sourceTree = "<group>"; };
		32D90EF021A3DACA00094CBA /* Pastime.app */ = {isa = PBXFileReference; explicitFileType = wrapper.application; includeInIndex = 0; path = Pastime.app; sourceTree = BUILT_PRODUCTS_DIR; };
		32D90EF321A3DACA00094CBA /* AppDelegate.swift */ = {isa = PBXFileReference; lastKnownFileType = sourcecode.swift; path = AppDelegate.swift; sourceTree = "<group>"; };
		32D90EFA21A3DACC00094CBA /* Assets.xcassets */ = {isa = PBXFileReference; lastKnownFileType = folder.assetcatalog; path = Assets.xcassets; sourceTree = "<group>"; };
		32D90EFD21A3DACC00094CBA /* Base */ = {isa = PBXFileReference; lastKnownFileType = file.storyboard; name = Base; path = Base.lproj/LaunchScreen.storyboard; sourceTree = "<group>"; };
		32D90EFF21A3DACC00094CBA /* Info.plist */ = {isa = PBXFileReference; lastKnownFileType = text.plist.xml; path = Info.plist; sourceTree = "<group>"; };
		32D90F0421A3DACC00094CBA /* PastimeTests.xctest */ = {isa = PBXFileReference; explicitFileType = wrapper.cfbundle; includeInIndex = 0; path = PastimeTests.xctest; sourceTree = BUILT_PRODUCTS_DIR; };
		32D90F0821A3DACC00094CBA /* PastimeTests.swift */ = {isa = PBXFileReference; lastKnownFileType = sourcecode.swift; path = PastimeTests.swift; sourceTree = "<group>"; };
		32D90F0A21A3DACC00094CBA /* Info.plist */ = {isa = PBXFileReference; lastKnownFileType = text.plist.xml; path = Info.plist; sourceTree = "<group>"; };
		32D90F0F21A3DACC00094CBA /* PastimeUITests.xctest */ = {isa = PBXFileReference; explicitFileType = wrapper.cfbundle; includeInIndex = 0; path = PastimeUITests.xctest; sourceTree = BUILT_PRODUCTS_DIR; };
		32D90F1321A3DACC00094CBA /* PastimeUITests.swift */ = {isa = PBXFileReference; lastKnownFileType = sourcecode.swift; path = PastimeUITests.swift; sourceTree = "<group>"; };
		32D90F1521A3DACC00094CBA /* Info.plist */ = {isa = PBXFileReference; lastKnownFileType = text.plist.xml; path = Info.plist; sourceTree = "<group>"; };
		32D90F3321A3E68600094CBA /* BaseTabBarController.swift */ = {isa = PBXFileReference; fileEncoding = 4; lastKnownFileType = sourcecode.swift; path = BaseTabBarController.swift; sourceTree = "<group>"; };
		32D90F3421A3E68600094CBA /* BaseViewController.swift */ = {isa = PBXFileReference; fileEncoding = 4; lastKnownFileType = sourcecode.swift; path = BaseViewController.swift; sourceTree = "<group>"; };
		32D90F3521A3E68600094CBA /* BaseNavigationController.swift */ = {isa = PBXFileReference; fileEncoding = 4; lastKnownFileType = sourcecode.swift; path = BaseNavigationController.swift; sourceTree = "<group>"; };
		32D90F3B21A3E69700094CBA /* Base */ = {isa = PBXFileReference; lastKnownFileType = file.storyboard; name = Base; path = Base.lproj/Main.storyboard; sourceTree = "<group>"; };
		32D90F3D21A3E69700094CBA /* User.storyboard */ = {isa = PBXFileReference; fileEncoding = 4; lastKnownFileType = file.storyboard; path = User.storyboard; sourceTree = "<group>"; };
		32D90F4021A3E69700094CBA /* UserMainController.swift */ = {isa = PBXFileReference; fileEncoding = 4; lastKnownFileType = sourcecode.swift; path = UserMainController.swift; sourceTree = "<group>"; };
		32D90F4221A3E69800094CBA /* Home.storyboard */ = {isa = PBXFileReference; fileEncoding = 4; lastKnownFileType = file.storyboard; path = Home.storyboard; sourceTree = "<group>"; };
		32D90F4521A3E69800094CBA /* HomeMainController.swift */ = {isa = PBXFileReference; fileEncoding = 4; lastKnownFileType = sourcecode.swift; path = HomeMainController.swift; sourceTree = "<group>"; };
		32D90F4D21A3EC0900094CBA /* Login.storyboard */ = {isa = PBXFileReference; lastKnownFileType = file.storyboard; path = Login.storyboard; sourceTree = "<group>"; };
		32D90F4F21A3EC5700094CBA /* LoginController.swift */ = {isa = PBXFileReference; lastKnownFileType = sourcecode.swift; path = LoginController.swift; sourceTree = "<group>"; };
		32D90F5121A3ED9D00094CBA /* LoginNavigationController.swift */ = {isa = PBXFileReference; lastKnownFileType = sourcecode.swift; path = LoginNavigationController.swift; sourceTree = "<group>"; };
		32D90F5521A3EFE700094CBA /* LoginManager.swift */ = {isa = PBXFileReference; lastKnownFileType = sourcecode.swift; path = LoginManager.swift; sourceTree = "<group>"; };
		33A16486971BC51DD8BE8C70 /* Pods-PastimeUITests.release.xcconfig */ = {isa = PBXFileReference; includeInIndex = 1; lastKnownFileType = text.xcconfig; name = "Pods-PastimeUITests.release.xcconfig"; path = "Pods/Target Support Files/Pods-PastimeUITests/Pods-PastimeUITests.release.xcconfig"; sourceTree = "<group>"; };
		4B3B6190349B548FC15A3BCF /* Pods_PastimeTests.framework */ = {isa = PBXFileReference; explicitFileType = wrapper.framework; includeInIndex = 0; path = Pods_PastimeTests.framework; sourceTree = BUILT_PRODUCTS_DIR; };
		538EB66773A70E279B26B6C6 /* Pods-PastimeTests.debug.xcconfig */ = {isa = PBXFileReference; includeInIndex = 1; lastKnownFileType = text.xcconfig; name = "Pods-PastimeTests.debug.xcconfig"; path = "Pods/Target Support Files/Pods-PastimeTests/Pods-PastimeTests.debug.xcconfig"; sourceTree = "<group>"; };
		A9FD553A7B6A3CB6C3B0DA72 /* Pods-PastimeTests.release.xcconfig */ = {isa = PBXFileReference; includeInIndex = 1; lastKnownFileType = text.xcconfig; name = "Pods-PastimeTests.release.xcconfig"; path = "Pods/Target Support Files/Pods-PastimeTests/Pods-PastimeTests.release.xcconfig"; sourceTree = "<group>"; };
		DD845860464BE7BCB84BE1FA /* Pods-Pastime.release.xcconfig */ = {isa = PBXFileReference; includeInIndex = 1; lastKnownFileType = text.xcconfig; name = "Pods-Pastime.release.xcconfig"; path = "Pods/Target Support Files/Pods-Pastime/Pods-Pastime.release.xcconfig"; sourceTree = "<group>"; };
		E9A87E00DDEA455C65D957DD /* Pods-PastimeUITests.debug.xcconfig */ = {isa = PBXFileReference; includeInIndex = 1; lastKnownFileType = text.xcconfig; name = "Pods-PastimeUITests.debug.xcconfig"; path = "Pods/Target Support Files/Pods-PastimeUITests/Pods-PastimeUITests.debug.xcconfig"; sourceTree = "<group>"; };
		ED47594ECE7F3A942F5A0728 /* Pods_PastimeUITests.framework */ = {isa = PBXFileReference; explicitFileType = wrapper.framework; includeInIndex = 0; path = Pods_PastimeUITests.framework; sourceTree = BUILT_PRODUCTS_DIR; };
		EEA3B4087185624125281411 /* Pods-Pastime.debug.xcconfig */ = {isa = PBXFileReference; includeInIndex = 1; lastKnownFileType = text.xcconfig; name = "Pods-Pastime.debug.xcconfig"; path = "Pods/Target Support Files/Pods-Pastime/Pods-Pastime.debug.xcconfig"; sourceTree = "<group>"; };
/* End PBXFileReference section */

/* Begin PBXFrameworksBuildPhase section */
		32D90EED21A3DACA00094CBA /* Frameworks */ = {
			isa = PBXFrameworksBuildPhase;
			buildActionMask = 2147483647;
			files = (
				88164CA9693FCE5B0C0E94DC /* Pods_Pastime.framework in Frameworks */,
			);
			runOnlyForDeploymentPostprocessing = 0;
		};
		32D90F0121A3DACC00094CBA /* Frameworks */ = {
			isa = PBXFrameworksBuildPhase;
			buildActionMask = 2147483647;
			files = (
				1725596C7863AF470B19D3FC /* Pods_PastimeTests.framework in Frameworks */,
			);
			runOnlyForDeploymentPostprocessing = 0;
		};
		32D90F0C21A3DACC00094CBA /* Frameworks */ = {
			isa = PBXFrameworksBuildPhase;
			buildActionMask = 2147483647;
			files = (
				5C34DC1BEE4FA896F40D58EA /* Pods_PastimeUITests.framework in Frameworks */,
			);
			runOnlyForDeploymentPostprocessing = 0;
		};
/* End PBXFrameworksBuildPhase section */

/* Begin PBXGroup section */
		3211116721AD732E008F57B0 /* Extension */ = {
			isa = PBXGroup;
			children = (
				3211116821AD738E008F57B0 /* String+Extension.swift */,
			);
			path = Extension;
			sourceTree = "<group>";
		};
		32D90EE721A3DACA00094CBA = {
			isa = PBXGroup;
			children = (
				32D90EF221A3DACA00094CBA /* Pastime */,
				32D90F0721A3DACC00094CBA /* PastimeTests */,
				32D90F1221A3DACC00094CBA /* PastimeUITests */,
				32D90EF121A3DACA00094CBA /* Products */,
				EB4F702569687CF9B0E44190 /* Pods */,
				B019C6E595B864CE3E3E3FAE /* Frameworks */,
			);
			sourceTree = "<group>";
		};
		32D90EF121A3DACA00094CBA /* Products */ = {
			isa = PBXGroup;
			children = (
				32D90EF021A3DACA00094CBA /* Pastime.app */,
				32D90F0421A3DACC00094CBA /* PastimeTests.xctest */,
				32D90F0F21A3DACC00094CBA /* PastimeUITests.xctest */,
			);
			name = Products;
			sourceTree = "<group>";
		};
		32D90EF221A3DACA00094CBA /* Pastime */ = {
			isa = PBXGroup;
			children = (
				3211116721AD732E008F57B0 /* Extension */,
				32D90F5321A3EE9200094CBA /* Common */,
				32D90F4B21A3EBC400094CBA /* Login */,
				32D90F4121A3E69800094CBA /* Home */,
				32D90F3921A3E69700094CBA /* Root */,
				32D90F3C21A3E69700094CBA /* User */,
				32D90F3121A3E68600094CBA /* Base */,
				32D90EF321A3DACA00094CBA /* AppDelegate.swift */,
				32D90EFA21A3DACC00094CBA /* Assets.xcassets */,
				32D90EFC21A3DACC00094CBA /* LaunchScreen.storyboard */,
				32D90EFF21A3DACC00094CBA /* Info.plist */,
			);
			path = Pastime;
			sourceTree = "<group>";
		};
		32D90F0721A3DACC00094CBA /* PastimeTests */ = {
			isa = PBXGroup;
			children = (
				32D90F0821A3DACC00094CBA /* PastimeTests.swift */,
				32D90F0A21A3DACC00094CBA /* Info.plist */,
			);
			path = PastimeTests;
			sourceTree = "<group>";
		};
		32D90F1221A3DACC00094CBA /* PastimeUITests */ = {
			isa = PBXGroup;
			children = (
				32D90F1321A3DACC00094CBA /* PastimeUITests.swift */,
				32D90F1521A3DACC00094CBA /* Info.plist */,
			);
			path = PastimeUITests;
			sourceTree = "<group>";
		};
		32D90F3121A3E68600094CBA /* Base */ = {
			isa = PBXGroup;
			children = (
				32D90F3221A3E68600094CBA /* Controller */,
			);
			path = Base;
			sourceTree = "<group>";
		};
		32D90F3221A3E68600094CBA /* Controller */ = {
			isa = PBXGroup;
			children = (
				32D90F3321A3E68600094CBA /* BaseTabBarController.swift */,
				32D90F3421A3E68600094CBA /* BaseViewController.swift */,
				32D90F3521A3E68600094CBA /* BaseNavigationController.swift */,
			);
			path = Controller;
			sourceTree = "<group>";
		};
		32D90F3921A3E69700094CBA /* Root */ = {
			isa = PBXGroup;
			children = (
				32D90F3A21A3E69700094CBA /* Main.storyboard */,
			);
			path = Root;
			sourceTree = "<group>";
		};
		32D90F3C21A3E69700094CBA /* User */ = {
			isa = PBXGroup;
			children = (
				32D90F3D21A3E69700094CBA /* User.storyboard */,
				32D90F3E21A3E69700094CBA /* Main */,
			);
			path = User;
			sourceTree = "<group>";
		};
		32D90F3E21A3E69700094CBA /* Main */ = {
			isa = PBXGroup;
			children = (
				32D90F3F21A3E69700094CBA /* Controller */,
			);
			path = Main;
			sourceTree = "<group>";
		};
		32D90F3F21A3E69700094CBA /* Controller */ = {
			isa = PBXGroup;
			children = (
				32D90F4021A3E69700094CBA /* UserMainController.swift */,
			);
			path = Controller;
			sourceTree = "<group>";
		};
		32D90F4121A3E69800094CBA /* Home */ = {
			isa = PBXGroup;
			children = (
				32D90F4221A3E69800094CBA /* Home.storyboard */,
				32D90F4321A3E69800094CBA /* Main */,
			);
			path = Home;
			sourceTree = "<group>";
		};
		32D90F4321A3E69800094CBA /* Main */ = {
			isa = PBXGroup;
			children = (
				32D90F4421A3E69800094CBA /* Controller */,
			);
			path = Main;
			sourceTree = "<group>";
		};
		32D90F4421A3E69800094CBA /* Controller */ = {
			isa = PBXGroup;
			children = (
				32D90F4521A3E69800094CBA /* HomeMainController.swift */,
			);
			path = Controller;
			sourceTree = "<group>";
		};
		32D90F4B21A3EBC400094CBA /* Login */ = {
			isa = PBXGroup;
			children = (
				32D90F4C21A3EBE400094CBA /* Contorller */,
				32D90F4D21A3EC0900094CBA /* Login.storyboard */,
			);
			path = Login;
			sourceTree = "<group>";
		};
		32D90F4C21A3EBE400094CBA /* Contorller */ = {
			isa = PBXGroup;
			children = (
				32D90F4F21A3EC5700094CBA /* LoginController.swift */,
				32D90F5121A3ED9D00094CBA /* LoginNavigationController.swift */,
			);
			path = Contorller;
			sourceTree = "<group>";
		};
		32D90F5321A3EE9200094CBA /* Common */ = {
			isa = PBXGroup;
			children = (
				32D90F5521A3EFE700094CBA /* LoginManager.swift */,
				32CCAE9A21ABAE5D0061A367 /* KeychainManager.swift */,
				3211116521AD70E5008F57B0 /* Service.swift */,
			);
			path = Common;
			sourceTree = "<group>";
		};
		B019C6E595B864CE3E3E3FAE /* Frameworks */ = {
			isa = PBXGroup;
			children = (
				255ECDA25CD37AE2F8544111 /* Pods_Pastime.framework */,
				4B3B6190349B548FC15A3BCF /* Pods_PastimeTests.framework */,
				ED47594ECE7F3A942F5A0728 /* Pods_PastimeUITests.framework */,
			);
			name = Frameworks;
			sourceTree = "<group>";
		};
		EB4F702569687CF9B0E44190 /* Pods */ = {
			isa = PBXGroup;
			children = (
				EEA3B4087185624125281411 /* Pods-Pastime.debug.xcconfig */,
				DD845860464BE7BCB84BE1FA /* Pods-Pastime.release.xcconfig */,
				538EB66773A70E279B26B6C6 /* Pods-PastimeTests.debug.xcconfig */,
				A9FD553A7B6A3CB6C3B0DA72 /* Pods-PastimeTests.release.xcconfig */,
				E9A87E00DDEA455C65D957DD /* Pods-PastimeUITests.debug.xcconfig */,
				33A16486971BC51DD8BE8C70 /* Pods-PastimeUITests.release.xcconfig */,
			);
			name = Pods;
			sourceTree = "<group>";
		};
/* End PBXGroup section */

/* Begin PBXNativeTarget section */
		32D90EEF21A3DACA00094CBA /* Pastime */ = {
			isa = PBXNativeTarget;
			buildConfigurationList = 32D90F1821A3DACC00094CBA /* Build configuration list for PBXNativeTarget "Pastime" */;
			buildPhases = (
				3689CEFEB2E395ED624E03AC /* [CP] Check Pods Manifest.lock */,
				32D90EEC21A3DACA00094CBA /* Sources */,
				32D90EED21A3DACA00094CBA /* Frameworks */,
				32D90EEE21A3DACA00094CBA /* Resources */,
				F5828E3BA3BBE82A826B0D05 /* [CP] Embed Pods Frameworks */,
			);
			buildRules = (
			);
			dependencies = (
			);
			name = Pastime;
			productName = Pastime;
			productReference = 32D90EF021A3DACA00094CBA /* Pastime.app */;
			productType = "com.apple.product-type.application";
		};
		32D90F0321A3DACC00094CBA /* PastimeTests */ = {
			isa = PBXNativeTarget;
			buildConfigurationList = 32D90F1B21A3DACC00094CBA /* Build configuration list for PBXNativeTarget "PastimeTests" */;
			buildPhases = (
				219C0C8079DE992DD624D0A0 /* [CP] Check Pods Manifest.lock */,
				32D90F0021A3DACC00094CBA /* Sources */,
				32D90F0121A3DACC00094CBA /* Frameworks */,
				32D90F0221A3DACC00094CBA /* Resources */,
			);
			buildRules = (
			);
			dependencies = (
				32D90F0621A3DACC00094CBA /* PBXTargetDependency */,
			);
			name = PastimeTests;
			productName = PastimeTests;
			productReference = 32D90F0421A3DACC00094CBA /* PastimeTests.xctest */;
			productType = "com.apple.product-type.bundle.unit-test";
		};
		32D90F0E21A3DACC00094CBA /* PastimeUITests */ = {
			isa = PBXNativeTarget;
			buildConfigurationList = 32D90F1E21A3DACC00094CBA /* Build configuration list for PBXNativeTarget "PastimeUITests" */;
			buildPhases = (
				5F0DC2FE923E0D1B6D6A33D4 /* [CP] Check Pods Manifest.lock */,
				32D90F0B21A3DACC00094CBA /* Sources */,
				32D90F0C21A3DACC00094CBA /* Frameworks */,
				32D90F0D21A3DACC00094CBA /* Resources */,
			);
			buildRules = (
			);
			dependencies = (
				32D90F1121A3DACC00094CBA /* PBXTargetDependency */,
			);
			name = PastimeUITests;
			productName = PastimeUITests;
			productReference = 32D90F0F21A3DACC00094CBA /* PastimeUITests.xctest */;
			productType = "com.apple.product-type.bundle.ui-testing";
		};
/* End PBXNativeTarget section */

/* Begin PBXProject section */
		32D90EE821A3DACA00094CBA /* Project object */ = {
			isa = PBXProject;
			attributes = {
				LastSwiftUpdateCheck = 1010;
				LastUpgradeCheck = 1010;
				ORGANIZATIONNAME = Zhu;
				TargetAttributes = {
					32D90EEF21A3DACA00094CBA = {
						CreatedOnToolsVersion = 10.1;
					};
					32D90F0321A3DACC00094CBA = {
						CreatedOnToolsVersion = 10.1;
						TestTargetID = 32D90EEF21A3DACA00094CBA;
					};
					32D90F0E21A3DACC00094CBA = {
						CreatedOnToolsVersion = 10.1;
						TestTargetID = 32D90EEF21A3DACA00094CBA;
					};
				};
			};
			buildConfigurationList = 32D90EEB21A3DACA00094CBA /* Build configuration list for PBXProject "Pastime" */;
			compatibilityVersion = "Xcode 9.3";
			developmentRegion = en;
			hasScannedForEncodings = 0;
			knownRegions = (
				en,
				Base,
			);
			mainGroup = 32D90EE721A3DACA00094CBA;
			productRefGroup = 32D90EF121A3DACA00094CBA /* Products */;
			projectDirPath = "";
			projectRoot = "";
			targets = (
				32D90EEF21A3DACA00094CBA /* Pastime */,
				32D90F0321A3DACC00094CBA /* PastimeTests */,
				32D90F0E21A3DACC00094CBA /* PastimeUITests */,
			);
		};
/* End PBXProject section */

/* Begin PBXResourcesBuildPhase section */
		32D90EEE21A3DACA00094CBA /* Resources */ = {
			isa = PBXResourcesBuildPhase;
			buildActionMask = 2147483647;
			files = (
				32D90F4621A3E69800094CBA /* Main.storyboard in Resources */,
				32D90F4921A3E69800094CBA /* Home.storyboard in Resources */,
				32D90F4E21A3EC0900094CBA /* Login.storyboard in Resources */,
				32D90F4721A3E69800094CBA /* User.storyboard in Resources */,
				32D90EFE21A3DACC00094CBA /* LaunchScreen.storyboard in Resources */,
				32D90EFB21A3DACC00094CBA /* Assets.xcassets in Resources */,
			);
			runOnlyForDeploymentPostprocessing = 0;
		};
		32D90F0221A3DACC00094CBA /* Resources */ = {
			isa = PBXResourcesBuildPhase;
			buildActionMask = 2147483647;
			files = (
			);
			runOnlyForDeploymentPostprocessing = 0;
		};
		32D90F0D21A3DACC00094CBA /* Resources */ = {
			isa = PBXResourcesBuildPhase;
			buildActionMask = 2147483647;
			files = (
			);
			runOnlyForDeploymentPostprocessing = 0;
		};
/* End PBXResourcesBuildPhase section */

/* Begin PBXShellScriptBuildPhase section */
		219C0C8079DE992DD624D0A0 /* [CP] Check Pods Manifest.lock */ = {
			isa = PBXShellScriptBuildPhase;
			buildActionMask = 2147483647;
			files = (
			);
			inputFileListPaths = (
			);
			inputPaths = (
				"${PODS_PODFILE_DIR_PATH}/Podfile.lock",
				"${PODS_ROOT}/Manifest.lock",
			);
			name = "[CP] Check Pods Manifest.lock";
			outputFileListPaths = (
			);
			outputPaths = (
				"$(DERIVED_FILE_DIR)/Pods-PastimeTests-checkManifestLockResult.txt",
			);
			runOnlyForDeploymentPostprocessing = 0;
			shellPath = /bin/sh;
			shellScript = "diff \"${PODS_PODFILE_DIR_PATH}/Podfile.lock\" \"${PODS_ROOT}/Manifest.lock\" > /dev/null\nif [ $? != 0 ] ; then\n    # print error to STDERR\n    echo \"error: The sandbox is not in sync with the Podfile.lock. Run 'pod install' or update your CocoaPods installation.\" >&2\n    exit 1\nfi\n# This output is used by Xcode 'outputs' to avoid re-running this script phase.\necho \"SUCCESS\" > \"${SCRIPT_OUTPUT_FILE_0}\"\n";
			showEnvVarsInLog = 0;
		};
		3689CEFEB2E395ED624E03AC /* [CP] Check Pods Manifest.lock */ = {
			isa = PBXShellScriptBuildPhase;
			buildActionMask = 2147483647;
			files = (
			);
			inputFileListPaths = (
			);
			inputPaths = (
				"${PODS_PODFILE_DIR_PATH}/Podfile.lock",
				"${PODS_ROOT}/Manifest.lock",
			);
			name = "[CP] Check Pods Manifest.lock";
			outputFileListPaths = (
			);
			outputPaths = (
				"$(DERIVED_FILE_DIR)/Pods-Pastime-checkManifestLockResult.txt",
			);
			runOnlyForDeploymentPostprocessing = 0;
			shellPath = /bin/sh;
			shellScript = "diff \"${PODS_PODFILE_DIR_PATH}/Podfile.lock\" \"${PODS_ROOT}/Manifest.lock\" > /dev/null\nif [ $? != 0 ] ; then\n    # print error to STDERR\n    echo \"error: The sandbox is not in sync with the Podfile.lock. Run 'pod install' or update your CocoaPods installation.\" >&2\n    exit 1\nfi\n# This output is used by Xcode 'outputs' to avoid re-running this script phase.\necho \"SUCCESS\" > \"${SCRIPT_OUTPUT_FILE_0}\"\n";
			showEnvVarsInLog = 0;
		};
		5F0DC2FE923E0D1B6D6A33D4 /* [CP] Check Pods Manifest.lock */ = {
			isa = PBXShellScriptBuildPhase;
			buildActionMask = 2147483647;
			files = (
			);
			inputFileListPaths = (
			);
			inputPaths = (
				"${PODS_PODFILE_DIR_PATH}/Podfile.lock",
				"${PODS_ROOT}/Manifest.lock",
			);
			name = "[CP] Check Pods Manifest.lock";
			outputFileListPaths = (
			);
			outputPaths = (
				"$(DERIVED_FILE_DIR)/Pods-PastimeUITests-checkManifestLockResult.txt",
			);
			runOnlyForDeploymentPostprocessing = 0;
			shellPath = /bin/sh;
			shellScript = "diff \"${PODS_PODFILE_DIR_PATH}/Podfile.lock\" \"${PODS_ROOT}/Manifest.lock\" > /dev/null\nif [ $? != 0 ] ; then\n    # print error to STDERR\n    echo \"error: The sandbox is not in sync with the Podfile.lock. Run 'pod install' or update your CocoaPods installation.\" >&2\n    exit 1\nfi\n# This output is used by Xcode 'outputs' to avoid re-running this script phase.\necho \"SUCCESS\" > \"${SCRIPT_OUTPUT_FILE_0}\"\n";
			showEnvVarsInLog = 0;
		};
		F5828E3BA3BBE82A826B0D05 /* [CP] Embed Pods Frameworks */ = {
			isa = PBXShellScriptBuildPhase;
			buildActionMask = 2147483647;
			files = (
			);
			inputFileListPaths = (
			);
			inputPaths = (
				"${SRCROOT}/Pods/Target Support Files/Pods-Pastime/Pods-Pastime-frameworks.sh",
				"${BUILT_PRODUCTS_DIR}/Alamofire/Alamofire.framework",
				"${BUILT_PRODUCTS_DIR}/Moya/Moya.framework",
				"${BUILT_PRODUCTS_DIR}/ObjectMapper/ObjectMapper.framework",
				"${BUILT_PRODUCTS_DIR}/Result/Result.framework",
			);
			name = "[CP] Embed Pods Frameworks";
			outputFileListPaths = (
			);
			outputPaths = (
				"${TARGET_BUILD_DIR}/${FRAMEWORKS_FOLDER_PATH}/Alamofire.framework",
				"${TARGET_BUILD_DIR}/${FRAMEWORKS_FOLDER_PATH}/Moya.framework",
				"${TARGET_BUILD_DIR}/${FRAMEWORKS_FOLDER_PATH}/ObjectMapper.framework",
				"${TARGET_BUILD_DIR}/${FRAMEWORKS_FOLDER_PATH}/Result.framework",
			);
			runOnlyForDeploymentPostprocessing = 0;
			shellPath = /bin/sh;
			shellScript = "\"${SRCROOT}/Pods/Target Support Files/Pods-Pastime/Pods-Pastime-frameworks.sh\"\n";
			showEnvVarsInLog = 0;
		};
/* End PBXShellScriptBuildPhase section */

/* Begin PBXSourcesBuildPhase section */
		32D90EEC21A3DACA00094CBA /* Sources */ = {
			isa = PBXSourcesBuildPhase;
			buildActionMask = 2147483647;
			files = (
				32D90F3821A3E68600094CBA /* BaseNavigationController.swift in Sources */,
				32D90F4821A3E69800094CBA /* UserMainController.swift in Sources */,
				32D90F3621A3E68600094CBA /* BaseTabBarController.swift in Sources */,
				32D90EF421A3DACA00094CBA /* AppDelegate.swift in Sources */,
				3211116921AD738E008F57B0 /* String+Extension.swift in Sources */,
				32D90F3721A3E68600094CBA /* BaseViewController.swift in Sources */,
				32D90F5621A3EFE700094CBA /* LoginManager.swift in Sources */,
				32D90F4A21A3E69800094CBA /* HomeMainController.swift in Sources */,
				32D90F5021A3EC5700094CBA /* LoginController.swift in Sources */,
				3211116621AD70E5008F57B0 /* Service.swift in Sources */,
				32D90F5221A3ED9D00094CBA /* LoginNavigationController.swift in Sources */,
				32CCAE9B21ABAE5D0061A367 /* KeychainManager.swift in Sources */,
			);
			runOnlyForDeploymentPostprocessing = 0;
		};
		32D90F0021A3DACC00094CBA /* Sources */ = {
			isa = PBXSourcesBuildPhase;
			buildActionMask = 2147483647;
			files = (
				32D90F0921A3DACC00094CBA /* PastimeTests.swift in Sources */,
			);
			runOnlyForDeploymentPostprocessing = 0;
		};
		32D90F0B21A3DACC00094CBA /* Sources */ = {
			isa = PBXSourcesBuildPhase;
			buildActionMask = 2147483647;
			files = (
				32D90F1421A3DACC00094CBA /* PastimeUITests.swift in Sources */,
			);
			runOnlyForDeploymentPostprocessing = 0;
		};
/* End PBXSourcesBuildPhase section */

/* Begin PBXTargetDependency section */
		32D90F0621A3DACC00094CBA /* PBXTargetDependency */ = {
			isa = PBXTargetDependency;
			target = 32D90EEF21A3DACA00094CBA /* Pastime */;
			targetProxy = 32D90F0521A3DACC00094CBA /* PBXContainerItemProxy */;
		};
		32D90F1121A3DACC00094CBA /* PBXTargetDependency */ = {
			isa = PBXTargetDependency;
			target = 32D90EEF21A3DACA00094CBA /* Pastime */;
			targetProxy = 32D90F1021A3DACC00094CBA /* PBXContainerItemProxy */;
		};
/* End PBXTargetDependency section */

/* Begin PBXVariantGroup section */
		32D90EFC21A3DACC00094CBA /* LaunchScreen.storyboard */ = {
			isa = PBXVariantGroup;
			children = (
				32D90EFD21A3DACC00094CBA /* Base */,
			);
			name = LaunchScreen.storyboard;
			sourceTree = "<group>";
		};
		32D90F3A21A3E69700094CBA /* Main.storyboard */ = {
			isa = PBXVariantGroup;
			children = (
				32D90F3B21A3E69700094CBA /* Base */,
			);
			name = Main.storyboard;
			sourceTree = "<group>";
		};
/* End PBXVariantGroup section */

/* Begin XCBuildConfiguration section */
		32D90F1621A3DACC00094CBA /* Debug */ = {
			isa = XCBuildConfiguration;
			buildSettings = {
				ALWAYS_SEARCH_USER_PATHS = NO;
				CLANG_ANALYZER_NONNULL = YES;
				CLANG_ANALYZER_NUMBER_OBJECT_CONVERSION = YES_AGGRESSIVE;
				CLANG_CXX_LANGUAGE_STANDARD = "gnu++14";
				CLANG_CXX_LIBRARY = "libc++";
				CLANG_ENABLE_MODULES = YES;
				CLANG_ENABLE_OBJC_ARC = YES;
				CLANG_ENABLE_OBJC_WEAK = YES;
				CLANG_WARN_BLOCK_CAPTURE_AUTORELEASING = YES;
				CLANG_WARN_BOOL_CONVERSION = YES;
				CLANG_WARN_COMMA = YES;
				CLANG_WARN_CONSTANT_CONVERSION = YES;
				CLANG_WARN_DEPRECATED_OBJC_IMPLEMENTATIONS = YES;
				CLANG_WARN_DIRECT_OBJC_ISA_USAGE = YES_ERROR;
				CLANG_WARN_DOCUMENTATION_COMMENTS = YES;
				CLANG_WARN_EMPTY_BODY = YES;
				CLANG_WARN_ENUM_CONVERSION = YES;
				CLANG_WARN_INFINITE_RECURSION = YES;
				CLANG_WARN_INT_CONVERSION = YES;
				CLANG_WARN_NON_LITERAL_NULL_CONVERSION = YES;
				CLANG_WARN_OBJC_IMPLICIT_RETAIN_SELF = YES;
				CLANG_WARN_OBJC_LITERAL_CONVERSION = YES;
				CLANG_WARN_OBJC_ROOT_CLASS = YES_ERROR;
				CLANG_WARN_RANGE_LOOP_ANALYSIS = YES;
				CLANG_WARN_STRICT_PROTOTYPES = YES;
				CLANG_WARN_SUSPICIOUS_MOVE = YES;
				CLANG_WARN_UNGUARDED_AVAILABILITY = YES_AGGRESSIVE;
				CLANG_WARN_UNREACHABLE_CODE = YES;
				CLANG_WARN__DUPLICATE_METHOD_MATCH = YES;
				CODE_SIGN_IDENTITY = "iPhone Developer";
				COPY_PHASE_STRIP = NO;
				DEBUG_INFORMATION_FORMAT = dwarf;
				ENABLE_STRICT_OBJC_MSGSEND = YES;
				ENABLE_TESTABILITY = YES;
				GCC_C_LANGUAGE_STANDARD = gnu11;
				GCC_DYNAMIC_NO_PIC = NO;
				GCC_NO_COMMON_BLOCKS = YES;
				GCC_OPTIMIZATION_LEVEL = 0;
				GCC_PREPROCESSOR_DEFINITIONS = (
					"DEBUG=1",
					"$(inherited)",
				);
				GCC_WARN_64_TO_32_BIT_CONVERSION = YES;
				GCC_WARN_ABOUT_RETURN_TYPE = YES_ERROR;
				GCC_WARN_UNDECLARED_SELECTOR = YES;
				GCC_WARN_UNINITIALIZED_AUTOS = YES_AGGRESSIVE;
				GCC_WARN_UNUSED_FUNCTION = YES;
				GCC_WARN_UNUSED_VARIABLE = YES;
				IPHONEOS_DEPLOYMENT_TARGET = 12.1;
				MTL_ENABLE_DEBUG_INFO = INCLUDE_SOURCE;
				MTL_FAST_MATH = YES;
				ONLY_ACTIVE_ARCH = YES;
				SDKROOT = iphoneos;
				SWIFT_ACTIVE_COMPILATION_CONDITIONS = DEBUG;
				SWIFT_OPTIMIZATION_LEVEL = "-Onone";
			};
			name = Debug;
		};
		32D90F1721A3DACC00094CBA /* Release */ = {
			isa = XCBuildConfiguration;
			buildSettings = {
				ALWAYS_SEARCH_USER_PATHS = NO;
				CLANG_ANALYZER_NONNULL = YES;
				CLANG_ANALYZER_NUMBER_OBJECT_CONVERSION = YES_AGGRESSIVE;
				CLANG_CXX_LANGUAGE_STANDARD = "gnu++14";
				CLANG_CXX_LIBRARY = "libc++";
				CLANG_ENABLE_MODULES = YES;
				CLANG_ENABLE_OBJC_ARC = YES;
				CLANG_ENABLE_OBJC_WEAK = YES;
				CLANG_WARN_BLOCK_CAPTURE_AUTORELEASING = YES;
				CLANG_WARN_BOOL_CONVERSION = YES;
				CLANG_WARN_COMMA = YES;
				CLANG_WARN_CONSTANT_CONVERSION = YES;
				CLANG_WARN_DEPRECATED_OBJC_IMPLEMENTATIONS = YES;
				CLANG_WARN_DIRECT_OBJC_ISA_USAGE = YES_ERROR;
				CLANG_WARN_DOCUMENTATION_COMMENTS = YES;
				CLANG_WARN_EMPTY_BODY = YES;
				CLANG_WARN_ENUM_CONVERSION = YES;
				CLANG_WARN_INFINITE_RECURSION = YES;
				CLANG_WARN_INT_CONVERSION = YES;
				CLANG_WARN_NON_LITERAL_NULL_CONVERSION = YES;
				CLANG_WARN_OBJC_IMPLICIT_RETAIN_SELF = YES;
				CLANG_WARN_OBJC_LITERAL_CONVERSION = YES;
				CLANG_WARN_OBJC_ROOT_CLASS = YES_ERROR;
				CLANG_WARN_RANGE_LOOP_ANALYSIS = YES;
				CLANG_WARN_STRICT_PROTOTYPES = YES;
				CLANG_WARN_SUSPICIOUS_MOVE = YES;
				CLANG_WARN_UNGUARDED_AVAILABILITY = YES_AGGRESSIVE;
				CLANG_WARN_UNREACHABLE_CODE = YES;
				CLANG_WARN__DUPLICATE_METHOD_MATCH = YES;
				CODE_SIGN_IDENTITY = "iPhone Developer";
				COPY_PHASE_STRIP = NO;
				DEBUG_INFORMATION_FORMAT = "dwarf-with-dsym";
				ENABLE_NS_ASSERTIONS = NO;
				ENABLE_STRICT_OBJC_MSGSEND = YES;
				GCC_C_LANGUAGE_STANDARD = gnu11;
				GCC_NO_COMMON_BLOCKS = YES;
				GCC_WARN_64_TO_32_BIT_CONVERSION = YES;
				GCC_WARN_ABOUT_RETURN_TYPE = YES_ERROR;
				GCC_WARN_UNDECLARED_SELECTOR = YES;
				GCC_WARN_UNINITIALIZED_AUTOS = YES_AGGRESSIVE;
				GCC_WARN_UNUSED_FUNCTION = YES;
				GCC_WARN_UNUSED_VARIABLE = YES;
				IPHONEOS_DEPLOYMENT_TARGET = 12.1;
				MTL_ENABLE_DEBUG_INFO = NO;
				MTL_FAST_MATH = YES;
				SDKROOT = iphoneos;
				SWIFT_COMPILATION_MODE = wholemodule;
				SWIFT_OPTIMIZATION_LEVEL = "-O";
				VALIDATE_PRODUCT = YES;
			};
			name = Release;
		};
		32D90F1921A3DACC00094CBA /* Debug */ = {
			isa = XCBuildConfiguration;
			baseConfigurationReference = EEA3B4087185624125281411 /* Pods-Pastime.debug.xcconfig */;
			buildSettings = {
				ASSETCATALOG_COMPILER_APPICON_NAME = AppIcon;
				CODE_SIGN_STYLE = Automatic;
				DEVELOPMENT_TEAM = YNL49MB5R9;
				INFOPLIST_FILE = Pastime/Info.plist;
				IPHONEOS_DEPLOYMENT_TARGET = 9.0;
				LD_RUNPATH_SEARCH_PATHS = (
					"$(inherited)",
					"@executable_path/Frameworks",
				);
				PRODUCT_BUNDLE_IDENTIFIER = Village.Pastime;
				PRODUCT_NAME = "$(TARGET_NAME)";
				SWIFT_VERSION = 4.2;
				TARGETED_DEVICE_FAMILY = "1,2";
			};
			name = Debug;
		};
		32D90F1A21A3DACC00094CBA /* Release */ = {
			isa = XCBuildConfiguration;
			baseConfigurationReference = DD845860464BE7BCB84BE1FA /* Pods-Pastime.release.xcconfig */;
			buildSettings = {
				ASSETCATALOG_COMPILER_APPICON_NAME = AppIcon;
				CODE_SIGN_STYLE = Automatic;
				DEVELOPMENT_TEAM = YNL49MB5R9;
				INFOPLIST_FILE = Pastime/Info.plist;
				IPHONEOS_DEPLOYMENT_TARGET = 9.0;
				LD_RUNPATH_SEARCH_PATHS = (
					"$(inherited)",
					"@executable_path/Frameworks",
				);
				PRODUCT_BUNDLE_IDENTIFIER = Village.Pastime;
				PRODUCT_NAME = "$(TARGET_NAME)";
				SWIFT_VERSION = 4.2;
				TARGETED_DEVICE_FAMILY = "1,2";
			};
			name = Release;
		};
		32D90F1C21A3DACC00094CBA /* Debug */ = {
			isa = XCBuildConfiguration;
			baseConfigurationReference = 538EB66773A70E279B26B6C6 /* Pods-PastimeTests.debug.xcconfig */;
			buildSettings = {
				ALWAYS_EMBED_SWIFT_STANDARD_LIBRARIES = YES;
				BUNDLE_LOADER = "$(TEST_HOST)";
				CODE_SIGN_STYLE = Automatic;
				DEVELOPMENT_TEAM = YNL49MB5R9;
				INFOPLIST_FILE = PastimeTests/Info.plist;
				LD_RUNPATH_SEARCH_PATHS = (
					"$(inherited)",
					"@executable_path/Frameworks",
					"@loader_path/Frameworks",
				);
				PRODUCT_BUNDLE_IDENTIFIER = Village.PastimeTests;
				PRODUCT_NAME = "$(TARGET_NAME)";
				SWIFT_VERSION = 4.2;
				TARGETED_DEVICE_FAMILY = "1,2";
				TEST_HOST = "$(BUILT_PRODUCTS_DIR)/Pastime.app/Pastime";
			};
			name = Debug;
		};
		32D90F1D21A3DACC00094CBA /* Release */ = {
			isa = XCBuildConfiguration;
			baseConfigurationReference = A9FD553A7B6A3CB6C3B0DA72 /* Pods-PastimeTests.release.xcconfig */;
			buildSettings = {
				ALWAYS_EMBED_SWIFT_STANDARD_LIBRARIES = YES;
				BUNDLE_LOADER = "$(TEST_HOST)";
				CODE_SIGN_STYLE = Automatic;
				DEVELOPMENT_TEAM = YNL49MB5R9;
				INFOPLIST_FILE = PastimeTests/Info.plist;
				LD_RUNPATH_SEARCH_PATHS = (
					"$(inherited)",
					"@executable_path/Frameworks",
					"@loader_path/Frameworks",
				);
				PRODUCT_BUNDLE_IDENTIFIER = Village.PastimeTests;
				PRODUCT_NAME = "$(TARGET_NAME)";
				SWIFT_VERSION = 4.2;
				TARGETED_DEVICE_FAMILY = "1,2";
				TEST_HOST = "$(BUILT_PRODUCTS_DIR)/Pastime.app/Pastime";
			};
			name = Release;
		};
		32D90F1F21A3DACC00094CBA /* Debug */ = {
			isa = XCBuildConfiguration;
			baseConfigurationReference = E9A87E00DDEA455C65D957DD /* Pods-PastimeUITests.debug.xcconfig */;
			buildSettings = {
				ALWAYS_EMBED_SWIFT_STANDARD_LIBRARIES = YES;
				CODE_SIGN_STYLE = Automatic;
				DEVELOPMENT_TEAM = YNL49MB5R9;
				INFOPLIST_FILE = PastimeUITests/Info.plist;
				LD_RUNPATH_SEARCH_PATHS = (
					"$(inherited)",
					"@executable_path/Frameworks",
					"@loader_path/Frameworks",
				);
				PRODUCT_BUNDLE_IDENTIFIER = Village.PastimeUITests;
				PRODUCT_NAME = "$(TARGET_NAME)";
				SWIFT_VERSION = 4.2;
				TARGETED_DEVICE_FAMILY = "1,2";
				TEST_TARGET_NAME = Pastime;
			};
			name = Debug;
		};
		32D90F2021A3DACC00094CBA /* Release */ = {
			isa = XCBuildConfiguration;
			baseConfigurationReference = 33A16486971BC51DD8BE8C70 /* Pods-PastimeUITests.release.xcconfig */;
			buildSettings = {
				ALWAYS_EMBED_SWIFT_STANDARD_LIBRARIES = YES;
				CODE_SIGN_STYLE = Automatic;
				DEVELOPMENT_TEAM = YNL49MB5R9;
				INFOPLIST_FILE = PastimeUITests/Info.plist;
				LD_RUNPATH_SEARCH_PATHS = (
					"$(inherited)",
					"@executable_path/Frameworks",
					"@loader_path/Frameworks",
				);
				PRODUCT_BUNDLE_IDENTIFIER = Village.PastimeUITests;
				PRODUCT_NAME = "$(TARGET_NAME)";
				SWIFT_VERSION = 4.2;
				TARGETED_DEVICE_FAMILY = "1,2";
				TEST_TARGET_NAME = Pastime;
			};
			name = Release;
		};
/* End XCBuildConfiguration section */

/* Begin XCConfigurationList section */
		32D90EEB21A3DACA00094CBA /* Build configuration list for PBXProject "Pastime" */ = {
			isa = XCConfigurationList;
			buildConfigurations = (
				32D90F1621A3DACC00094CBA /* Debug */,
				32D90F1721A3DACC00094CBA /* Release */,
			);
			defaultConfigurationIsVisible = 0;
			defaultConfigurationName = Release;
		};
		32D90F1821A3DACC00094CBA /* Build configuration list for PBXNativeTarget "Pastime" */ = {
			isa = XCConfigurationList;
			buildConfigurations = (
				32D90F1921A3DACC00094CBA /* Debug */,
				32D90F1A21A3DACC00094CBA /* Release */,
			);
			defaultConfigurationIsVisible = 0;
			defaultConfigurationName = Release;
		};
		32D90F1B21A3DACC00094CBA /* Build configuration list for PBXNativeTarget "PastimeTests" */ = {
			isa = XCConfigurationList;
			buildConfigurations = (
				32D90F1C21A3DACC00094CBA /* Debug */,
				32D90F1D21A3DACC00094CBA /* Release */,
			);
			defaultConfigurationIsVisible = 0;
			defaultConfigurationName = Release;
		};
		32D90F1E21A3DACC00094CBA /* Build configuration list for PBXNativeTarget "PastimeUITests" */ = {
			isa = XCConfigurationList;
			buildConfigurations = (
				32D90F1F21A3DACC00094CBA /* Debug */,
				32D90F2021A3DACC00094CBA /* Release */,
			);
			defaultConfigurationIsVisible = 0;
			defaultConfigurationName = Release;
		};
/* End XCConfigurationList section */
	};
	rootObject = 32D90EE821A3DACA00094CBA /* Project object */;
}
